// !$*UTF8*$!
{
	archiveVersion = 1;
	classes = {
	};
	objectVersion = 56;
	objects = {

/* Begin PBXBuildFile section */
		B830F6902A308F8D000C2371 /* Constants.swift in Sources */ = {isa = PBXBuildFile; fileRef = B830F68F2A308F8D000C2371 /* Constants.swift */; };
		B84793252A1F307600C48F38 /* Assets.xcassets in Resources */ = {isa = PBXBuildFile; fileRef = B84793242A1F307600C48F38 /* Assets.xcassets */; };
		B89471AC2A1F2A5B00C3442C /* Preview Assets.xcassets in Resources */ = {isa = PBXBuildFile; fileRef = B89471AB2A1F2A5B00C3442C /* Preview Assets.xcassets */; };
		B89471C42A1F2A9800C3442C /* GridView.swift in Sources */ = {isa = PBXBuildFile; fileRef = B89471B42A1F2A9800C3442C /* GridView.swift */; };
		B89471C52A1F2A9800C3442C /* GridCellView.swift in Sources */ = {isa = PBXBuildFile; fileRef = B89471B52A1F2A9800C3442C /* GridCellView.swift */; };
		B89471C62A1F2A9800C3442C /* ModulationView.swift in Sources */ = {isa = PBXBuildFile; fileRef = B89471B62A1F2A9800C3442C /* ModulationView.swift */; };
		B89471C72A1F2A9800C3442C /* GameOfLifeApp.swift in Sources */ = {isa = PBXBuildFile; fileRef = B89471B82A1F2A9800C3442C /* GameOfLifeApp.swift */; };
		B89471C82A1F2A9800C3442C /* LegendView.swift in Sources */ = {isa = PBXBuildFile; fileRef = B89471BA2A1F2A9800C3442C /* LegendView.swift */; };
		B89471CA2A1F2A9800C3442C /* GameOfLife.swift in Sources */ = {isa = PBXBuildFile; fileRef = B89471BE2A1F2A9800C3442C /* GameOfLife.swift */; };
		B89471CB2A1F2A9800C3442C /* InfoView.swift in Sources */ = {isa = PBXBuildFile; fileRef = B89471C02A1F2A9800C3442C /* InfoView.swift */; };
		B89471CC2A1F2A9800C3442C /* BackView.swift in Sources */ = {isa = PBXBuildFile; fileRef = B89471C22A1F2A9800C3442C /* BackView.swift */; };
/* End PBXBuildFile section */

/* Begin PBXCopyFilesBuildPhase section */
		B847933E2A1F634B00C48F38 /* Embed Foundation Extensions */ = {
			isa = PBXCopyFilesBuildPhase;
			buildActionMask = 2147483647;
			dstPath = "";
			dstSubfolderSpec = 13;
			files = (
			);
			name = "Embed Foundation Extensions";
			runOnlyForDeploymentPostprocessing = 0;
		};
/* End PBXCopyFilesBuildPhase section */

/* Begin PBXFileReference section */
		B830F68F2A308F8D000C2371 /* Constants.swift */ = {isa = PBXFileReference; lastKnownFileType = sourcecode.swift; path = Constants.swift; sourceTree = "<group>"; };
		B84793242A1F307600C48F38 /* Assets.xcassets */ = {isa = PBXFileReference; lastKnownFileType = folder.assetcatalog; path = Assets.xcassets; sourceTree = "<group>"; };
		B847932C2A1F634A00C48F38 /* WidgetKit.framework */ = {isa = PBXFileReference; lastKnownFileType = wrapper.framework; name = WidgetKit.framework; path = System/Library/Frameworks/WidgetKit.framework; sourceTree = SDKROOT; };
		B847932E2A1F634A00C48F38 /* SwiftUI.framework */ = {isa = PBXFileReference; lastKnownFileType = wrapper.framework; name = SwiftUI.framework; path = System/Library/Frameworks/SwiftUI.framework; sourceTree = SDKROOT; };
		B89471A12A1F2A5A00C3442C /* GameOfLife.app */ = {isa = PBXFileReference; explicitFileType = wrapper.application; includeInIndex = 0; path = GameOfLife.app; sourceTree = BUILT_PRODUCTS_DIR; };
		B89471AB2A1F2A5B00C3442C /* Preview Assets.xcassets */ = {isa = PBXFileReference; lastKnownFileType = folder.assetcatalog; path = "Preview Assets.xcassets"; sourceTree = "<group>"; };
		B89471B42A1F2A9800C3442C /* GridView.swift */ = {isa = PBXFileReference; fileEncoding = 4; lastKnownFileType = sourcecode.swift; path = GridView.swift; sourceTree = "<group>"; };
		B89471B52A1F2A9800C3442C /* GridCellView.swift */ = {isa = PBXFileReference; fileEncoding = 4; lastKnownFileType = sourcecode.swift; path = GridCellView.swift; sourceTree = "<group>"; };
		B89471B62A1F2A9800C3442C /* ModulationView.swift */ = {isa = PBXFileReference; fileEncoding = 4; lastKnownFileType = sourcecode.swift; path = ModulationView.swift; sourceTree = "<group>"; };
		B89471B82A1F2A9800C3442C /* GameOfLifeApp.swift */ = {isa = PBXFileReference; fileEncoding = 4; lastKnownFileType = sourcecode.swift; path = GameOfLifeApp.swift; sourceTree = "<group>"; };
		B89471BA2A1F2A9800C3442C /* LegendView.swift */ = {isa = PBXFileReference; fileEncoding = 4; lastKnownFileType = sourcecode.swift; path = LegendView.swift; sourceTree = "<group>"; };
		B89471BE2A1F2A9800C3442C /* GameOfLife.swift */ = {isa = PBXFileReference; fileEncoding = 4; lastKnownFileType = sourcecode.swift; path = GameOfLife.swift; sourceTree = "<group>"; };
		B89471C02A1F2A9800C3442C /* InfoView.swift */ = {isa = PBXFileReference; fileEncoding = 4; lastKnownFileType = sourcecode.swift; path = InfoView.swift; sourceTree = "<group>"; };
		B89471C22A1F2A9800C3442C /* BackView.swift */ = {isa = PBXFileReference; fileEncoding = 4; lastKnownFileType = sourcecode.swift; path = BackView.swift; sourceTree = "<group>"; };
/* End PBXFileReference section */

/* Begin PBXFrameworksBuildPhase section */
		B894719E2A1F2A5A00C3442C /* Frameworks */ = {
			isa = PBXFrameworksBuildPhase;
			buildActionMask = 2147483647;
			files = (
			);
			runOnlyForDeploymentPostprocessing = 0;
		};
/* End PBXFrameworksBuildPhase section */

/* Begin PBXGroup section */
		B830F68E2A308F79000C2371 /* Helpers */ = {
			isa = PBXGroup;
			children = (
				B830F68F2A308F8D000C2371 /* Constants.swift */,
			);
			path = Helpers;
			sourceTree = "<group>";
		};
		B847932B2A1F634A00C48F38 /* Frameworks */ = {
			isa = PBXGroup;
			children = (
				B847932C2A1F634A00C48F38 /* WidgetKit.framework */,
				B847932E2A1F634A00C48F38 /* SwiftUI.framework */,
			);
			name = Frameworks;
			sourceTree = "<group>";
		};
		B89471982A1F2A5A00C3442C = {
			isa = PBXGroup;
			children = (
				B89471A32A1F2A5A00C3442C /* GameOfLife */,
				B847932B2A1F634A00C48F38 /* Frameworks */,
				B89471A22A1F2A5A00C3442C /* Products */,
			);
			sourceTree = "<group>";
		};
		B89471A22A1F2A5A00C3442C /* Products */ = {
			isa = PBXGroup;
			children = (
				B89471A12A1F2A5A00C3442C /* GameOfLife.app */,
			);
			name = Products;
			sourceTree = "<group>";
		};
		B89471A32A1F2A5A00C3442C /* GameOfLife */ = {
			isa = PBXGroup;
			children = (
				B830F68E2A308F79000C2371 /* Helpers */,
				B89471B72A1F2A9800C3442C /* App */,
				B84793242A1F307600C48F38 /* Assets.xcassets */,
				B89471BF2A1F2A9800C3442C /* Information */,
				B89471B92A1F2A9800C3442C /* Legend */,
				B89471BD2A1F2A9800C3442C /* Model */,
				B89471B22A1F2A9800C3442C /* Modulation */,
				B89471AA2A1F2A5B00C3442C /* Preview Content */,
			);
			path = GameOfLife;
			sourceTree = "<group>";
		};
		B89471AA2A1F2A5B00C3442C /* Preview Content */ = {
			isa = PBXGroup;
			children = (
				B89471AB2A1F2A5B00C3442C /* Preview Assets.xcassets */,
			);
			path = "Preview Content";
			sourceTree = "<group>";
		};
		B89471B22A1F2A9800C3442C /* Modulation */ = {
			isa = PBXGroup;
			children = (
				B89471B32A1F2A9800C3442C /* Components */,
				B89471B62A1F2A9800C3442C /* ModulationView.swift */,
			);
			path = Modulation;
			sourceTree = "<group>";
		};
		B89471B32A1F2A9800C3442C /* Components */ = {
			isa = PBXGroup;
			children = (
				B89471B42A1F2A9800C3442C /* GridView.swift */,
				B89471B52A1F2A9800C3442C /* GridCellView.swift */,
			);
			path = Components;
			sourceTree = "<group>";
		};
		B89471B72A1F2A9800C3442C /* App */ = {
			isa = PBXGroup;
			children = (
				B89471B82A1F2A9800C3442C /* GameOfLifeApp.swift */,
			);
			path = App;
			sourceTree = "<group>";
		};
		B89471B92A1F2A9800C3442C /* Legend */ = {
			isa = PBXGroup;
			children = (
				B89471BA2A1F2A9800C3442C /* LegendView.swift */,
			);
			path = Legend;
			sourceTree = "<group>";
		};
		B89471BD2A1F2A9800C3442C /* Model */ = {
			isa = PBXGroup;
			children = (
				B89471BE2A1F2A9800C3442C /* GameOfLife.swift */,
			);
			path = Model;
			sourceTree = "<group>";
		};
		B89471BF2A1F2A9800C3442C /* Information */ = {
			isa = PBXGroup;
			children = (
				B89471C02A1F2A9800C3442C /* InfoView.swift */,
				B89471C12A1F2A9800C3442C /* Components */,
			);
			path = Information;
			sourceTree = "<group>";
		};
		B89471C12A1F2A9800C3442C /* Components */ = {
			isa = PBXGroup;
			children = (
				B89471C22A1F2A9800C3442C /* BackView.swift */,
			);
			path = Components;
			sourceTree = "<group>";
		};
/* End PBXGroup section */

/* Begin PBXNativeTarget section */
		B89471A02A1F2A5A00C3442C /* GameOfLife */ = {
			isa = PBXNativeTarget;
			buildConfigurationList = B89471AF2A1F2A5B00C3442C /* Build configuration list for PBXNativeTarget "GameOfLife" */;
			buildPhases = (
				B894719D2A1F2A5A00C3442C /* Sources */,
				B894719E2A1F2A5A00C3442C /* Frameworks */,
				B894719F2A1F2A5A00C3442C /* Resources */,
				B847933E2A1F634B00C48F38 /* Embed Foundation Extensions */,
			);
			buildRules = (
			);
			dependencies = (
			);
			name = GameOfLife;
			productName = GameOfLife;
			productReference = B89471A12A1F2A5A00C3442C /* GameOfLife.app */;
			productType = "com.apple.product-type.application";
		};
/* End PBXNativeTarget section */

/* Begin PBXProject section */
		B89471992A1F2A5A00C3442C /* Project object */ = {
			isa = PBXProject;
			attributes = {
				BuildIndependentTargetsInParallel = 1;
				LastSwiftUpdateCheck = 1430;
				LastUpgradeCheck = 1430;
				TargetAttributes = {
					B89471A02A1F2A5A00C3442C = {
						CreatedOnToolsVersion = 14.3;
					};
				};
			};
			buildConfigurationList = B894719C2A1F2A5A00C3442C /* Build configuration list for PBXProject "GameOfLife" */;
			compatibilityVersion = "Xcode 14.0";
			developmentRegion = en;
			hasScannedForEncodings = 0;
			knownRegions = (
				en,
				Base,
			);
			mainGroup = B89471982A1F2A5A00C3442C;
			productRefGroup = B89471A22A1F2A5A00C3442C /* Products */;
			projectDirPath = "";
			projectRoot = "";
			targets = (
				B89471A02A1F2A5A00C3442C /* GameOfLife */,
			);
		};
/* End PBXProject section */

/* Begin PBXResourcesBuildPhase section */
		B894719F2A1F2A5A00C3442C /* Resources */ = {
			isa = PBXResourcesBuildPhase;
			buildActionMask = 2147483647;
			files = (
				B89471AC2A1F2A5B00C3442C /* Preview Assets.xcassets in Resources */,
				B84793252A1F307600C48F38 /* Assets.xcassets in Resources */,
			);
			runOnlyForDeploymentPostprocessing = 0;
		};
/* End PBXResourcesBuildPhase section */

/* Begin PBXSourcesBuildPhase section */
		B894719D2A1F2A5A00C3442C /* Sources */ = {
			isa = PBXSourcesBuildPhase;
			buildActionMask = 2147483647;
			files = (
				B89471C42A1F2A9800C3442C /* GridView.swift in Sources */,
				B89471CA2A1F2A9800C3442C /* GameOfLife.swift in Sources */,
				B89471C72A1F2A9800C3442C /* GameOfLifeApp.swift in Sources */,
				B89471C52A1F2A9800C3442C /* GridCellView.swift in Sources */,
				B89471C82A1F2A9800C3442C /* LegendView.swift in Sources */,
				B89471CC2A1F2A9800C3442C /* BackView.swift in Sources */,
				B89471CB2A1F2A9800C3442C /* InfoView.swift in Sources */,
				B89471C62A1F2A9800C3442C /* ModulationView.swift in Sources */,
				B830F6902A308F8D000C2371 /* Constants.swift in Sources */,
			);
			runOnlyForDeploymentPostprocessing = 0;
		};
/* End PBXSourcesBuildPhase section */

/* Begin XCBuildConfiguration section */
		B89471AD2A1F2A5B00C3442C /* Debug */ = {
			isa = XCBuildConfiguration;
			buildSettings = {
				ALWAYS_SEARCH_USER_PATHS = NO;
				CLANG_ANALYZER_NONNULL = YES;
				CLANG_ANALYZER_NUMBER_OBJECT_CONVERSION = YES_AGGRESSIVE;
				CLANG_CXX_LANGUAGE_STANDARD = "gnu++20";
				CLANG_ENABLE_MODULES = YES;
				CLANG_ENABLE_OBJC_ARC = YES;
				CLANG_ENABLE_OBJC_WEAK = YES;
				CLANG_WARN_BLOCK_CAPTURE_AUTORELEASING = YES;
				CLANG_WARN_BOOL_CONVERSION = YES;
				CLANG_WARN_COMMA = YES;
				CLANG_WARN_CONSTANT_CONVERSION = YES;
				CLANG_WARN_DEPRECATED_OBJC_IMPLEMENTATIONS = YES;
				CLANG_WARN_DIRECT_OBJC_ISA_USAGE = YES_ERROR;
				CLANG_WARN_DOCUMENTATION_COMMENTS = YES;
				CLANG_WARN_EMPTY_BODY = YES;
				CLANG_WARN_ENUM_CONVERSION = YES;
				CLANG_WARN_INFINITE_RECURSION = YES;
				CLANG_WARN_INT_CONVERSION = YES;
				CLANG_WARN_NON_LITERAL_NULL_CONVERSION = YES;
				CLANG_WARN_OBJC_IMPLICIT_RETAIN_SELF = YES;
				CLANG_WARN_OBJC_LITERAL_CONVERSION = YES;
				CLANG_WARN_OBJC_ROOT_CLASS = YES_ERROR;
				CLANG_WARN_QUOTED_INCLUDE_IN_FRAMEWORK_HEADER = YES;
				CLANG_WARN_RANGE_LOOP_ANALYSIS = YES;
				CLANG_WARN_STRICT_PROTOTYPES = YES;
				CLANG_WARN_SUSPICIOUS_MOVE = YES;
				CLANG_WARN_UNGUARDED_AVAILABILITY = YES_AGGRESSIVE;
				CLANG_WARN_UNREACHABLE_CODE = YES;
				CLANG_WARN__DUPLICATE_METHOD_MATCH = YES;
				COPY_PHASE_STRIP = NO;
				DEBUG_INFORMATION_FORMAT = dwarf;
				ENABLE_STRICT_OBJC_MSGSEND = YES;
				ENABLE_TESTABILITY = YES;
				GCC_C_LANGUAGE_STANDARD = gnu11;
				GCC_DYNAMIC_NO_PIC = NO;
				GCC_NO_COMMON_BLOCKS = YES;
				GCC_OPTIMIZATION_LEVEL = 0;
				GCC_PREPROCESSOR_DEFINITIONS = (
					"DEBUG=1",
					"$(inherited)",
				);
				GCC_WARN_64_TO_32_BIT_CONVERSION = YES;
				GCC_WARN_ABOUT_RETURN_TYPE = YES_ERROR;
				GCC_WARN_UNDECLARED_SELECTOR = YES;
				GCC_WARN_UNINITIALIZED_AUTOS = YES_AGGRESSIVE;
				GCC_WARN_UNUSED_FUNCTION = YES;
				GCC_WARN_UNUSED_VARIABLE = YES;
				IPHONEOS_DEPLOYMENT_TARGET = 16.4;
				MTL_ENABLE_DEBUG_INFO = INCLUDE_SOURCE;
				MTL_FAST_MATH = YES;
				ONLY_ACTIVE_ARCH = YES;
				SDKROOT = iphoneos;
				SWIFT_ACTIVE_COMPILATION_CONDITIONS = DEBUG;
				SWIFT_OPTIMIZATION_LEVEL = "-Onone";
			};
			name = Debug;
		};
		B89471AE2A1F2A5B00C3442C /* Release */ = {
			isa = XCBuildConfiguration;
			buildSettings = {
				ALWAYS_SEARCH_USER_PATHS = NO;
				CLANG_ANALYZER_NONNULL = YES;
				CLANG_ANALYZER_NUMBER_OBJECT_CONVERSION = YES_AGGRESSIVE;
				CLANG_CXX_LANGUAGE_STANDARD = "gnu++20";
				CLANG_ENABLE_MODULES = YES;
				CLANG_ENABLE_OBJC_ARC = YES;
				CLANG_ENABLE_OBJC_WEAK = YES;
				CLANG_WARN_BLOCK_CAPTURE_AUTORELEASING = YES;
				CLANG_WARN_BOOL_CONVERSION = YES;
				CLANG_WARN_COMMA = YES;
				CLANG_WARN_CONSTANT_CONVERSION = YES;
				CLANG_WARN_DEPRECATED_OBJC_IMPLEMENTATIONS = YES;
				CLANG_WARN_DIRECT_OBJC_ISA_USAGE = YES_ERROR;
				CLANG_WARN_DOCUMENTATION_COMMENTS = YES;
				CLANG_WARN_EMPTY_BODY = YES;
				CLANG_WARN_ENUM_CONVERSION = YES;
				CLANG_WARN_INFINITE_RECURSION = YES;
				CLANG_WARN_INT_CONVERSION = YES;
				CLANG_WARN_NON_LITERAL_NULL_CONVERSION = YES;
				CLANG_WARN_OBJC_IMPLICIT_RETAIN_SELF = YES;
				CLANG_WARN_OBJC_LITERAL_CONVERSION = YES;
				CLANG_WARN_OBJC_ROOT_CLASS = YES_ERROR;
				CLANG_WARN_QUOTED_INCLUDE_IN_FRAMEWORK_HEADER = YES;
				CLANG_WARN_RANGE_LOOP_ANALYSIS = YES;
				CLANG_WARN_STRICT_PROTOTYPES = YES;
				CLANG_WARN_SUSPICIOUS_MOVE = YES;
				CLANG_WARN_UNGUARDED_AVAILABILITY = YES_AGGRESSIVE;
				CLANG_WARN_UNREACHABLE_CODE = YES;
				CLANG_WARN__DUPLICATE_METHOD_MATCH = YES;
				COPY_PHASE_STRIP = NO;
				DEBUG_INFORMATION_FORMAT = "dwarf-with-dsym";
				ENABLE_NS_ASSERTIONS = NO;
				ENABLE_STRICT_OBJC_MSGSEND = YES;
				GCC_C_LANGUAGE_STANDARD = gnu11;
				GCC_NO_COMMON_BLOCKS = YES;
				GCC_WARN_64_TO_32_BIT_CONVERSION = YES;
				GCC_WARN_ABOUT_RETURN_TYPE = YES_ERROR;
				GCC_WARN_UNDECLARED_SELECTOR = YES;
				GCC_WARN_UNINITIALIZED_AUTOS = YES_AGGRESSIVE;
				GCC_WARN_UNUSED_FUNCTION = YES;
				GCC_WARN_UNUSED_VARIABLE = YES;
				IPHONEOS_DEPLOYMENT_TARGET = 16.4;
				MTL_ENABLE_DEBUG_INFO = NO;
				MTL_FAST_MATH = YES;
				SDKROOT = iphoneos;
				SWIFT_COMPILATION_MODE = wholemodule;
				SWIFT_OPTIMIZATION_LEVEL = "-O";
				VALIDATE_PRODUCT = YES;
			};
			name = Release;
		};
		B89471B02A1F2A5B00C3442C /* Debug */ = {
			isa = XCBuildConfiguration;
			buildSettings = {
				ASSETCATALOG_COMPILER_APPICON_NAME = AppIcon;
				ASSETCATALOG_COMPILER_GLOBAL_ACCENT_COLOR_NAME = AccentColor;
				CODE_SIGN_STYLE = Automatic;
				CURRENT_PROJECT_VERSION = 1;
				DEVELOPMENT_ASSET_PATHS = "\"GameOfLife/Preview Content\"";
				DEVELOPMENT_TEAM = Q5C6FH53V7;
				ENABLE_PREVIEWS = YES;
				GENERATE_INFOPLIST_FILE = YES;
				INFOPLIST_KEY_UIApplicationSceneManifest_Generation = YES;
				INFOPLIST_KEY_UIApplicationSupportsIndirectInputEvents = YES;
				INFOPLIST_KEY_UILaunchScreen_Generation = YES;
				INFOPLIST_KEY_UIStatusBarStyle = UIStatusBarStyleLightContent;
				INFOPLIST_KEY_UISupportedInterfaceOrientations = UIInterfaceOrientationPortrait;
				INFOPLIST_KEY_UISupportedInterfaceOrientations_iPad = "UIInterfaceOrientationLandscapeLeft UIInterfaceOrientationLandscapeRight UIInterfaceOrientationPortraitUpsideDown";
				LD_RUNPATH_SEARCH_PATHS = (
					"$(inherited)",
					"@executable_path/Frameworks",
				);
				MARKETING_VERSION = 1.0;
				PRODUCT_BUNDLE_IDENTIFIER = VoidAsterisk.GameOfLife;
				PRODUCT_NAME = "$(TARGET_NAME)";
				SUPPORTED_PLATFORMS = "iphoneos iphonesimulator";
				SUPPORTS_MACCATALYST = NO;
				SUPPORTS_MAC_DESIGNED_FOR_IPHONE_IPAD = NO;
				SWIFT_EMIT_LOC_STRINGS = YES;
				SWIFT_VERSION = 5.0;
				TARGETED_DEVICE_FAMILY = 1;
			};
			name = Debug;
		};
		B89471B12A1F2A5B00C3442C /* Release */ = {
			isa = XCBuildConfiguration;
			buildSettings = {
				ASSETCATALOG_COMPILER_APPICON_NAME = AppIcon;
				ASSETCATALOG_COMPILER_GLOBAL_ACCENT_COLOR_NAME = AccentColor;
				CODE_SIGN_STYLE = Automatic;
				CURRENT_PROJECT_VERSION = 1;
				DEVELOPMENT_ASSET_PATHS = "\"GameOfLife/Preview Content\"";
				DEVELOPMENT_TEAM = Q5C6FH53V7;
				ENABLE_PREVIEWS = YES;
				GENERATE_INFOPLIST_FILE = YES;
				INFOPLIST_KEY_UIApplicationSceneManifest_Generation = YES;
				INFOPLIST_KEY_UIApplicationSupportsIndirectInputEvents = YES;
				INFOPLIST_KEY_UILaunchScreen_Generation = YES;
				INFOPLIST_KEY_UIStatusBarStyle = UIStatusBarStyleLightContent;
				INFOPLIST_KEY_UISupportedInterfaceOrientations = UIInterfaceOrientationPortrait;
				INFOPLIST_KEY_UISupportedInterfaceOrientations_iPad = "UIInterfaceOrientationLandscapeLeft UIInterfaceOrientationLandscapeRight UIInterfaceOrientationPortraitUpsideDown";
				LD_RUNPATH_SEARCH_PATHS = (
					"$(inherited)",
					"@executable_path/Frameworks",
				);
				MARKETING_VERSION = 1.0;
				PRODUCT_BUNDLE_IDENTIFIER = VoidAsterisk.GameOfLife;
				PRODUCT_NAME = "$(TARGET_NAME)";
				SUPPORTED_PLATFORMS = "iphoneos iphonesimulator";
				SUPPORTS_MACCATALYST = NO;
				SUPPORTS_MAC_DESIGNED_FOR_IPHONE_IPAD = NO;
				SWIFT_EMIT_LOC_STRINGS = YES;
				SWIFT_VERSION = 5.0;
				TARGETED_DEVICE_FAMILY = 1;
			};
			name = Release;
		};
/* End XCBuildConfiguration section */

/* Begin XCConfigurationList section */
		B894719C2A1F2A5A00C3442C /* Build configuration list for PBXProject "GameOfLife" */ = {
			isa = XCConfigurationList;
			buildConfigurations = (
				B89471AD2A1F2A5B00C3442C /* Debug */,
				B89471AE2A1F2A5B00C3442C /* Release */,
			);
			defaultConfigurationIsVisible = 0;
			defaultConfigurationName = Release;
		};
		B89471AF2A1F2A5B00C3442C /* Build configuration list for PBXNativeTarget "GameOfLife" */ = {
			isa = XCConfigurationList;
			buildConfigurations = (
				B89471B02A1F2A5B00C3442C /* Debug */,
				B89471B12A1F2A5B00C3442C /* Release */,
			);
			defaultConfigurationIsVisible = 0;
			defaultConfigurationName = Release;
		};
/* End XCConfigurationList section */
	};
	rootObject = B89471992A1F2A5A00C3442C /* Project object */;
}
